// !$*UTF8*$!
{
	archiveVersion = 1;
	classes = {
	};
	objectVersion = 48;
	objects = {

/* Begin PBXBuildFile section */
		261C14BC1F6EFC2B00C6F28E /* AppDelegate.swift in Sources */ = {isa = PBXBuildFile; fileRef = 261C14BB1F6EFC2B00C6F28E /* AppDelegate.swift */; };
		261C14BE1F6EFC2B00C6F28E /* ShopsListViewController.swift in Sources */ = {isa = PBXBuildFile; fileRef = 261C14BD1F6EFC2B00C6F28E /* ShopsListViewController.swift */; };
		261C14C11F6EFC2B00C6F28E /* Main.storyboard in Resources */ = {isa = PBXBuildFile; fileRef = 261C14BF1F6EFC2B00C6F28E /* Main.storyboard */; };
		261C14C41F6EFC2B00C6F28E /* MadridEvent.xcdatamodeld in Sources */ = {isa = PBXBuildFile; fileRef = 261C14C21F6EFC2B00C6F28E /* MadridEvent.xcdatamodeld */; };
		261C14C61F6EFC2B00C6F28E /* Assets.xcassets in Resources */ = {isa = PBXBuildFile; fileRef = 261C14C51F6EFC2B00C6F28E /* Assets.xcassets */; };
		261C14C91F6EFC2B00C6F28E /* LaunchScreen.storyboard in Resources */ = {isa = PBXBuildFile; fileRef = 261C14C71F6EFC2B00C6F28E /* LaunchScreen.storyboard */; };
		261C14D41F6EFC2B00C6F28E /* MadridEventTests.swift in Sources */ = {isa = PBXBuildFile; fileRef = 261C14D31F6EFC2B00C6F28E /* MadridEventTests.swift */; };
		268CA1661F77C648009A646C /* MapKit.framework in Frameworks */ = {isa = PBXBuildFile; fileRef = 268CA1651F77C648009A646C /* MapKit.framework */; };
		26C70AEF1F780B94005A601E /* CoreData.framework in Frameworks */ = {isa = PBXBuildFile; fileRef = 26C70AEE1F780B94005A601E /* CoreData.framework */; };
		26C70AF11F780CA9005A601E /* CoreDataStack.swift in Sources */ = {isa = PBXBuildFile; fileRef = 26C70AF01F780CA9005A601E /* CoreDataStack.swift */; };
		26C70AF31F780D2E005A601E /* MainViewController.swift in Sources */ = {isa = PBXBuildFile; fileRef = 26C70AF21F780D2E005A601E /* MainViewController.swift */; };
		26C70AF51F780F3C005A601E /* ActivitiesListViewController.swift in Sources */ = {isa = PBXBuildFile; fileRef = 26C70AF41F780F3C005A601E /* ActivitiesListViewController.swift */; };
		26C70AF71F7810F2005A601E /* ShopCollectionViewCell.swift in Sources */ = {isa = PBXBuildFile; fileRef = 26C70AF61F7810F2005A601E /* ShopCollectionViewCell.swift */; };
		26C70AF91F7811F1005A601E /* String+Image.swift in Sources */ = {isa = PBXBuildFile; fileRef = 26C70AF81F7811F1005A601E /* String+Image.swift */; };
		26C70AFB1F781224005A601E /* ActivityCollectionViewCell.swift in Sources */ = {isa = PBXBuildFile; fileRef = 26C70AFA1F781224005A601E /* ActivityCollectionViewCell.swift */; };
		26C70B011F782E6C005A601E /* ActivityDetailViewController.swift in Sources */ = {isa = PBXBuildFile; fileRef = 26C70B001F782E6C005A601E /* ActivityDetailViewController.swift */; };
		26C70B031F782E7D005A601E /* ShopDetailViewController.swift in Sources */ = {isa = PBXBuildFile; fileRef = 26C70B021F782E7D005A601E /* ShopDetailViewController.swift */; };
		26C70B051F782ED2005A601E /* ShopListVC+CollectionVC.swift in Sources */ = {isa = PBXBuildFile; fileRef = 26C70B041F782ED2005A601E /* ShopListVC+CollectionVC.swift */; };
		26C70B071F7834E6005A601E /* ShopFetchedResultsController.swift in Sources */ = {isa = PBXBuildFile; fileRef = 26C70B061F7834E6005A601E /* ShopFetchedResultsController.swift */; };
		26C70B0B1F783565005A601E /* ActivityFetchedResultsController.swift in Sources */ = {isa = PBXBuildFile; fileRef = 26C70B0A1F783565005A601E /* ActivityFetchedResultsController.swift */; };
		26CDD2101F77FC9600A88190 /* Shop.swift in Sources */ = {isa = PBXBuildFile; fileRef = 26CDD20F1F77FC9600A88190 /* Shop.swift */; };
		26CDD2121F77FCA100A88190 /* Shops.swift in Sources */ = {isa = PBXBuildFile; fileRef = 26CDD2111F77FCA100A88190 /* Shops.swift */; };
		26CDD2141F77FCAC00A88190 /* Activity.swift in Sources */ = {isa = PBXBuildFile; fileRef = 26CDD2131F77FCAC00A88190 /* Activity.swift */; };
		26CDD2161F77FCB600A88190 /* Activities.swift in Sources */ = {isa = PBXBuildFile; fileRef = 26CDD2151F77FCB600A88190 /* Activities.swift */; };
		26CDD2181F78002B00A88190 /* Typealias.swift in Sources */ = {isa = PBXBuildFile; fileRef = 26CDD2171F78002B00A88190 /* Typealias.swift */; };
		26CDD21A1F78009100A88190 /* JSONParser.swift in Sources */ = {isa = PBXBuildFile; fileRef = 26CDD2191F78009100A88190 /* JSONParser.swift */; };
		26CDD21C1F78023D00A88190 /* SetExecutedOnceInteractor.swift in Sources */ = {isa = PBXBuildFile; fileRef = 26CDD21B1F78023D00A88190 /* SetExecutedOnceInteractor.swift */; };
		26CDD21E1F78024B00A88190 /* SetExecutedOnceInteractorImpl.swift in Sources */ = {isa = PBXBuildFile; fileRef = 26CDD21D1F78024B00A88190 /* SetExecutedOnceInteractorImpl.swift */; };
		26CDD2201F78039900A88190 /* ExecuteOnceInteractorImpl.swift in Sources */ = {isa = PBXBuildFile; fileRef = 26CDD21F1F78039900A88190 /* ExecuteOnceInteractorImpl.swift */; };
		26CDD2221F7803A300A88190 /* ExecuteOnceInteractor.swift in Sources */ = {isa = PBXBuildFile; fileRef = 26CDD2211F7803A300A88190 /* ExecuteOnceInteractor.swift */; };
		26CDD2271F7803FD00A88190 /* DownloadAllShopsInteractorNSURLSessionImpl.swift in Sources */ = {isa = PBXBuildFile; fileRef = 26CDD2261F7803FD00A88190 /* DownloadAllShopsInteractorNSURLSessionImpl.swift */; };
		26CDD2291F78041F00A88190 /* DownloadAllShopsInteractor.swift in Sources */ = {isa = PBXBuildFile; fileRef = 26CDD2281F78041F00A88190 /* DownloadAllShopsInteractor.swift */; };
		26CDD22B1F78044500A88190 /* DownloadAllActivitiesInteractor.swift in Sources */ = {isa = PBXBuildFile; fileRef = 26CDD22A1F78044500A88190 /* DownloadAllActivitiesInteractor.swift */; };
		26CDD22D1F78048B00A88190 /* DownloadAllActivitiesInteractorNSURLSessionImpl.swift in Sources */ = {isa = PBXBuildFile; fileRef = 26CDD22C1F78048B00A88190 /* DownloadAllActivitiesInteractorNSURLSessionImpl.swift */; };
		26CDD2301F78054300A88190 /* SaveAllShopsInteractor.swift in Sources */ = {isa = PBXBuildFile; fileRef = 26CDD22F1F78054300A88190 /* SaveAllShopsInteractor.swift */; };
		26CDD2321F78055F00A88190 /* SaveAllActivitiesInteractor.swift in Sources */ = {isa = PBXBuildFile; fileRef = 26CDD2311F78055F00A88190 /* SaveAllActivitiesInteractor.swift */; };
		26CDD2341F7805A400A88190 /* SaveAllShopsInteractorImpl.swift in Sources */ = {isa = PBXBuildFile; fileRef = 26CDD2331F7805A400A88190 /* SaveAllShopsInteractorImpl.swift */; };
		26CDD2361F7805B300A88190 /* SaveAllActivitiesInteractorImpl.swift in Sources */ = {isa = PBXBuildFile; fileRef = 26CDD2351F7805B300A88190 /* SaveAllActivitiesInteractorImpl.swift */; };
		26CDD2391F78067C00A88190 /* MapShops.swift in Sources */ = {isa = PBXBuildFile; fileRef = 26CDD2381F78067C00A88190 /* MapShops.swift */; };
		26CDD23B1F78068500A88190 /* MapActivities.swift in Sources */ = {isa = PBXBuildFile; fileRef = 26CDD23A1F78068500A88190 /* MapActivities.swift */; };
/* End PBXBuildFile section */

/* Begin PBXContainerItemProxy section */
		261C14D01F6EFC2B00C6F28E /* PBXContainerItemProxy */ = {
			isa = PBXContainerItemProxy;
			containerPortal = 261C14B01F6EFC2B00C6F28E /* Project object */;
			proxyType = 1;
			remoteGlobalIDString = 261C14B71F6EFC2B00C6F28E;
			remoteInfo = MadridEvent;
		};
/* End PBXContainerItemProxy section */

/* Begin PBXFileReference section */
		261C14B81F6EFC2B00C6F28E /* MadridEvent.app */ = {isa = PBXFileReference; explicitFileType = wrapper.application; includeInIndex = 0; path = MadridEvent.app; sourceTree = BUILT_PRODUCTS_DIR; };
		261C14BB1F6EFC2B00C6F28E /* AppDelegate.swift */ = {isa = PBXFileReference; lastKnownFileType = sourcecode.swift; path = AppDelegate.swift; sourceTree = "<group>"; };
		261C14BD1F6EFC2B00C6F28E /* ShopsListViewController.swift */ = {isa = PBXFileReference; lastKnownFileType = sourcecode.swift; path = ShopsListViewController.swift; sourceTree = "<group>"; };
		261C14C01F6EFC2B00C6F28E /* Base */ = {isa = PBXFileReference; lastKnownFileType = file.storyboard; name = Base; path = Base.lproj/Main.storyboard; sourceTree = "<group>"; };
		261C14C31F6EFC2B00C6F28E /* MadridEvent.xcdatamodel */ = {isa = PBXFileReference; lastKnownFileType = wrapper.xcdatamodel; path = MadridEvent.xcdatamodel; sourceTree = "<group>"; };
		261C14C51F6EFC2B00C6F28E /* Assets.xcassets */ = {isa = PBXFileReference; lastKnownFileType = folder.assetcatalog; path = Assets.xcassets; sourceTree = "<group>"; };
		261C14C81F6EFC2B00C6F28E /* Base */ = {isa = PBXFileReference; lastKnownFileType = file.storyboard; name = Base; path = Base.lproj/LaunchScreen.storyboard; sourceTree = "<group>"; };
		261C14CA1F6EFC2B00C6F28E /* Info.plist */ = {isa = PBXFileReference; lastKnownFileType = text.plist.xml; path = Info.plist; sourceTree = "<group>"; };
		261C14CF1F6EFC2B00C6F28E /* MadridEventTests.xctest */ = {isa = PBXFileReference; explicitFileType = wrapper.cfbundle; includeInIndex = 0; path = MadridEventTests.xctest; sourceTree = BUILT_PRODUCTS_DIR; };
		261C14D31F6EFC2B00C6F28E /* MadridEventTests.swift */ = {isa = PBXFileReference; lastKnownFileType = sourcecode.swift; path = MadridEventTests.swift; sourceTree = "<group>"; };
		261C14D51F6EFC2B00C6F28E /* Info.plist */ = {isa = PBXFileReference; lastKnownFileType = text.plist.xml; path = Info.plist; sourceTree = "<group>"; };
		261C14EF1F6F038A00C6F28E /* Podfile */ = {isa = PBXFileReference; lastKnownFileType = text; path = Podfile; sourceTree = "<group>"; };
		268CA1651F77C648009A646C /* MapKit.framework */ = {isa = PBXFileReference; lastKnownFileType = wrapper.framework; name = MapKit.framework; path = System/Library/Frameworks/MapKit.framework; sourceTree = SDKROOT; };
		26C70AEE1F780B94005A601E /* CoreData.framework */ = {isa = PBXFileReference; lastKnownFileType = wrapper.framework; name = CoreData.framework; path = System/Library/Frameworks/CoreData.framework; sourceTree = SDKROOT; };
		26C70AF01F780CA9005A601E /* CoreDataStack.swift */ = {isa = PBXFileReference; lastKnownFileType = sourcecode.swift; path = CoreDataStack.swift; sourceTree = "<group>"; };
		26C70AF21F780D2E005A601E /* MainViewController.swift */ = {isa = PBXFileReference; lastKnownFileType = sourcecode.swift; path = MainViewController.swift; sourceTree = "<group>"; };
		26C70AF41F780F3C005A601E /* ActivitiesListViewController.swift */ = {isa = PBXFileReference; lastKnownFileType = sourcecode.swift; path = ActivitiesListViewController.swift; sourceTree = "<group>"; };
		26C70AF61F7810F2005A601E /* ShopCollectionViewCell.swift */ = {isa = PBXFileReference; lastKnownFileType = sourcecode.swift; path = ShopCollectionViewCell.swift; sourceTree = "<group>"; };
		26C70AF81F7811F1005A601E /* String+Image.swift */ = {isa = PBXFileReference; lastKnownFileType = sourcecode.swift; path = "String+Image.swift"; sourceTree = "<group>"; };
		26C70AFA1F781224005A601E /* ActivityCollectionViewCell.swift */ = {isa = PBXFileReference; lastKnownFileType = sourcecode.swift; path = ActivityCollectionViewCell.swift; sourceTree = "<group>"; };
		26C70B001F782E6C005A601E /* ActivityDetailViewController.swift */ = {isa = PBXFileReference; lastKnownFileType = sourcecode.swift; path = ActivityDetailViewController.swift; sourceTree = "<group>"; };
		26C70B021F782E7D005A601E /* ShopDetailViewController.swift */ = {isa = PBXFileReference; lastKnownFileType = sourcecode.swift; path = ShopDetailViewController.swift; sourceTree = "<group>"; };
		26C70B041F782ED2005A601E /* ShopListVC+CollectionVC.swift */ = {isa = PBXFileReference; lastKnownFileType = sourcecode.swift; path = "ShopListVC+CollectionVC.swift"; sourceTree = "<group>"; };
		26C70B061F7834E6005A601E /* ShopFetchedResultsController.swift */ = {isa = PBXFileReference; lastKnownFileType = sourcecode.swift; path = ShopFetchedResultsController.swift; sourceTree = "<group>"; };
		26C70B0A1F783565005A601E /* ActivityFetchedResultsController.swift */ = {isa = PBXFileReference; lastKnownFileType = sourcecode.swift; path = ActivityFetchedResultsController.swift; sourceTree = "<group>"; };
		26CDD20F1F77FC9600A88190 /* Shop.swift */ = {isa = PBXFileReference; lastKnownFileType = sourcecode.swift; path = Shop.swift; sourceTree = "<group>"; };
		26CDD2111F77FCA100A88190 /* Shops.swift */ = {isa = PBXFileReference; lastKnownFileType = sourcecode.swift; path = Shops.swift; sourceTree = "<group>"; };
		26CDD2131F77FCAC00A88190 /* Activity.swift */ = {isa = PBXFileReference; lastKnownFileType = sourcecode.swift; path = Activity.swift; sourceTree = "<group>"; };
		26CDD2151F77FCB600A88190 /* Activities.swift */ = {isa = PBXFileReference; lastKnownFileType = sourcecode.swift; path = Activities.swift; sourceTree = "<group>"; };
		26CDD2171F78002B00A88190 /* Typealias.swift */ = {isa = PBXFileReference; lastKnownFileType = sourcecode.swift; path = Typealias.swift; sourceTree = "<group>"; };
		26CDD2191F78009100A88190 /* JSONParser.swift */ = {isa = PBXFileReference; lastKnownFileType = sourcecode.swift; path = JSONParser.swift; sourceTree = "<group>"; };
		26CDD21B1F78023D00A88190 /* SetExecutedOnceInteractor.swift */ = {isa = PBXFileReference; lastKnownFileType = sourcecode.swift; path = SetExecutedOnceInteractor.swift; sourceTree = "<group>"; };
		26CDD21D1F78024B00A88190 /* SetExecutedOnceInteractorImpl.swift */ = {isa = PBXFileReference; lastKnownFileType = sourcecode.swift; path = SetExecutedOnceInteractorImpl.swift; sourceTree = "<group>"; };
		26CDD21F1F78039900A88190 /* ExecuteOnceInteractorImpl.swift */ = {isa = PBXFileReference; lastKnownFileType = sourcecode.swift; path = ExecuteOnceInteractorImpl.swift; sourceTree = "<group>"; };
		26CDD2211F7803A300A88190 /* ExecuteOnceInteractor.swift */ = {isa = PBXFileReference; lastKnownFileType = sourcecode.swift; path = ExecuteOnceInteractor.swift; sourceTree = "<group>"; };
		26CDD2261F7803FD00A88190 /* DownloadAllShopsInteractorNSURLSessionImpl.swift */ = {isa = PBXFileReference; lastKnownFileType = sourcecode.swift; path = DownloadAllShopsInteractorNSURLSessionImpl.swift; sourceTree = "<group>"; };
		26CDD2281F78041F00A88190 /* DownloadAllShopsInteractor.swift */ = {isa = PBXFileReference; lastKnownFileType = sourcecode.swift; path = DownloadAllShopsInteractor.swift; sourceTree = "<group>"; };
		26CDD22A1F78044500A88190 /* DownloadAllActivitiesInteractor.swift */ = {isa = PBXFileReference; lastKnownFileType = sourcecode.swift; path = DownloadAllActivitiesInteractor.swift; sourceTree = "<group>"; };
		26CDD22C1F78048B00A88190 /* DownloadAllActivitiesInteractorNSURLSessionImpl.swift */ = {isa = PBXFileReference; lastKnownFileType = sourcecode.swift; path = DownloadAllActivitiesInteractorNSURLSessionImpl.swift; sourceTree = "<group>"; };
		26CDD22F1F78054300A88190 /* SaveAllShopsInteractor.swift */ = {isa = PBXFileReference; lastKnownFileType = sourcecode.swift; path = SaveAllShopsInteractor.swift; sourceTree = "<group>"; };
		26CDD2311F78055F00A88190 /* SaveAllActivitiesInteractor.swift */ = {isa = PBXFileReference; lastKnownFileType = sourcecode.swift; path = SaveAllActivitiesInteractor.swift; sourceTree = "<group>"; };
		26CDD2331F7805A400A88190 /* SaveAllShopsInteractorImpl.swift */ = {isa = PBXFileReference; lastKnownFileType = sourcecode.swift; path = SaveAllShopsInteractorImpl.swift; sourceTree = "<group>"; };
		26CDD2351F7805B300A88190 /* SaveAllActivitiesInteractorImpl.swift */ = {isa = PBXFileReference; lastKnownFileType = sourcecode.swift; path = SaveAllActivitiesInteractorImpl.swift; sourceTree = "<group>"; };
		26CDD2381F78067C00A88190 /* MapShops.swift */ = {isa = PBXFileReference; lastKnownFileType = sourcecode.swift; path = MapShops.swift; sourceTree = "<group>"; };
		26CDD23A1F78068500A88190 /* MapActivities.swift */ = {isa = PBXFileReference; lastKnownFileType = sourcecode.swift; path = MapActivities.swift; sourceTree = "<group>"; };
/* End PBXFileReference section */

/* Begin PBXFrameworksBuildPhase section */
		261C14B51F6EFC2B00C6F28E /* Frameworks */ = {
			isa = PBXFrameworksBuildPhase;
			buildActionMask = 2147483647;
			files = (
				26C70AEF1F780B94005A601E /* CoreData.framework in Frameworks */,
				268CA1661F77C648009A646C /* MapKit.framework in Frameworks */,
			);
			runOnlyForDeploymentPostprocessing = 0;
		};
		261C14CC1F6EFC2B00C6F28E /* Frameworks */ = {
			isa = PBXFrameworksBuildPhase;
			buildActionMask = 2147483647;
			files = (
			);
			runOnlyForDeploymentPostprocessing = 0;
		};
/* End PBXFrameworksBuildPhase section */

/* Begin PBXGroup section */
		261C14AF1F6EFC2B00C6F28E = {
			isa = PBXGroup;
			children = (
				261C14BA1F6EFC2B00C6F28E /* MadridEvent */,
				261C14D21F6EFC2B00C6F28E /* MadridEventTests */,
				261C14B91F6EFC2B00C6F28E /* Products */,
				268CA1641F77C648009A646C /* Frameworks */,
			);
			sourceTree = "<group>";
		};
		261C14B91F6EFC2B00C6F28E /* Products */ = {
			isa = PBXGroup;
			children = (
				261C14B81F6EFC2B00C6F28E /* MadridEvent.app */,
				261C14CF1F6EFC2B00C6F28E /* MadridEventTests.xctest */,
			);
			name = Products;
			sourceTree = "<group>";
		};
		261C14BA1F6EFC2B00C6F28E /* MadridEvent */ = {
			isa = PBXGroup;
			children = (
				261C14BB1F6EFC2B00C6F28E /* AppDelegate.swift */,
				261C14EF1F6F038A00C6F28E /* Podfile */,
				261C14E91F6F029300C6F28E /* Controllers */,
				261C14EA1F6F02A000C6F28E /* Model */,
				261C14E71F6F027100C6F28E /* Util */,
				261C14E81F6F027A00C6F28E /* Views */,
				261C14C51F6EFC2B00C6F28E /* Assets.xcassets */,
				261C14CA1F6EFC2B00C6F28E /* Info.plist */,
			);
			path = MadridEvent;
			sourceTree = "<group>";
		};
		261C14D21F6EFC2B00C6F28E /* MadridEventTests */ = {
			isa = PBXGroup;
			children = (
				261C14D31F6EFC2B00C6F28E /* MadridEventTests.swift */,
				261C14D51F6EFC2B00C6F28E /* Info.plist */,
			);
			path = MadridEventTests;
			sourceTree = "<group>";
		};
		261C14E71F6F027100C6F28E /* Util */ = {
			isa = PBXGroup;
			children = (
				26C70AF01F780CA9005A601E /* CoreDataStack.swift */,
				26C70AF81F7811F1005A601E /* String+Image.swift */,
				26C70B061F7834E6005A601E /* ShopFetchedResultsController.swift */,
				26C70B0A1F783565005A601E /* ActivityFetchedResultsController.swift */,
			);
			path = Util;
			sourceTree = "<group>";
		};
		261C14E81F6F027A00C6F28E /* Views */ = {
			isa = PBXGroup;
			children = (
				261C14BF1F6EFC2B00C6F28E /* Main.storyboard */,
				261C14C71F6EFC2B00C6F28E /* LaunchScreen.storyboard */,
				26C70AF61F7810F2005A601E /* ShopCollectionViewCell.swift */,
				26C70AFA1F781224005A601E /* ActivityCollectionViewCell.swift */,
			);
			path = Views;
			sourceTree = "<group>";
		};
		261C14E91F6F029300C6F28E /* Controllers */ = {
			isa = PBXGroup;
			children = (
				26C70AF41F780F3C005A601E /* ActivitiesListViewController.swift */,
				26C70B001F782E6C005A601E /* ActivityDetailViewController.swift */,
				26C70AF21F780D2E005A601E /* MainViewController.swift */,
				26C70B021F782E7D005A601E /* ShopDetailViewController.swift */,
				261C14BD1F6EFC2B00C6F28E /* ShopsListViewController.swift */,
				26C70B041F782ED2005A601E /* ShopListVC+CollectionVC.swift */,
			);
			path = Controllers;
			sourceTree = "<group>";
		};
		261C14EA1F6F02A000C6F28E /* Model */ = {
			isa = PBXGroup;
			children = (
				261C14EB1F6F02BE00C6F28E /* Interactors */,
				261C14EC1F6F02CA00C6F28E /* JsonParser */,
				261C14C21F6EFC2B00C6F28E /* MadridEvent.xcdatamodeld */,
				26CDD2131F77FCAC00A88190 /* Activity.swift */,
				26CDD2151F77FCB600A88190 /* Activities.swift */,
				26CDD20F1F77FC9600A88190 /* Shop.swift */,
				26CDD2111F77FCA100A88190 /* Shops.swift */,
			);
			path = Model;
			sourceTree = "<group>";
		};
		261C14EB1F6F02BE00C6F28E /* Interactors */ = {
			isa = PBXGroup;
			children = (
				26CDD22E1F78052700A88190 /* CacheInteractors */,
				26CDD2251F7803E900A88190 /* Downloads */,
				26CDD2241F7803D400A88190 /* ExecuteOnce */,
				26CDD2371F78066D00A88190 /* Mappers */,
				26CDD2171F78002B00A88190 /* Typealias.swift */,
			);
			path = Interactors;
			sourceTree = "<group>";
		};
		261C14EC1F6F02CA00C6F28E /* JsonParser */ = {
			isa = PBXGroup;
			children = (
				26CDD2191F78009100A88190 /* JSONParser.swift */,
			);
			path = JsonParser;
			sourceTree = "<group>";
		};
		268CA1641F77C648009A646C /* Frameworks */ = {
			isa = PBXGroup;
			children = (
				26C70AEE1F780B94005A601E /* CoreData.framework */,
				268CA1651F77C648009A646C /* MapKit.framework */,
			);
			name = Frameworks;
			sourceTree = "<group>";
		};
		26CDD2241F7803D400A88190 /* ExecuteOnce */ = {
			isa = PBXGroup;
			children = (
				26CDD2211F7803A300A88190 /* ExecuteOnceInteractor.swift */,
				26CDD21F1F78039900A88190 /* ExecuteOnceInteractorImpl.swift */,
				26CDD21B1F78023D00A88190 /* SetExecutedOnceInteractor.swift */,
				26CDD21D1F78024B00A88190 /* SetExecutedOnceInteractorImpl.swift */,
			);
			path = ExecuteOnce;
			sourceTree = "<group>";
		};
		26CDD2251F7803E900A88190 /* Downloads */ = {
			isa = PBXGroup;
			children = (
				26CDD22A1F78044500A88190 /* DownloadAllActivitiesInteractor.swift */,
				26CDD22C1F78048B00A88190 /* DownloadAllActivitiesInteractorNSURLSessionImpl.swift */,
				26CDD2281F78041F00A88190 /* DownloadAllShopsInteractor.swift */,
				26CDD2261F7803FD00A88190 /* DownloadAllShopsInteractorNSURLSessionImpl.swift */,
			);
			path = Downloads;
			sourceTree = "<group>";
		};
		26CDD22E1F78052700A88190 /* CacheInteractors */ = {
			isa = PBXGroup;
			children = (
				26CDD2311F78055F00A88190 /* SaveAllActivitiesInteractor.swift */,
				26CDD2351F7805B300A88190 /* SaveAllActivitiesInteractorImpl.swift */,
				26CDD22F1F78054300A88190 /* SaveAllShopsInteractor.swift */,
				26CDD2331F7805A400A88190 /* SaveAllShopsInteractorImpl.swift */,
			);
			path = CacheInteractors;
			sourceTree = "<group>";
		};
		26CDD2371F78066D00A88190 /* Mappers */ = {
			isa = PBXGroup;
			children = (
				26CDD23A1F78068500A88190 /* MapActivities.swift */,
				26CDD2381F78067C00A88190 /* MapShops.swift */,
			);
			path = Mappers;
			sourceTree = "<group>";
		};
/* End PBXGroup section */

/* Begin PBXNativeTarget section */
		261C14B71F6EFC2B00C6F28E /* MadridEvent */ = {
			isa = PBXNativeTarget;
			buildConfigurationList = 261C14D81F6EFC2B00C6F28E /* Build configuration list for PBXNativeTarget "MadridEvent" */;
			buildPhases = (
				261C14B41F6EFC2B00C6F28E /* Sources */,
				261C14B51F6EFC2B00C6F28E /* Frameworks */,
				261C14B61F6EFC2B00C6F28E /* Resources */,
			);
			buildRules = (
			);
			dependencies = (
			);
			name = MadridEvent;
			productName = MadridEvent;
			productReference = 261C14B81F6EFC2B00C6F28E /* MadridEvent.app */;
			productType = "com.apple.product-type.application";
		};
		261C14CE1F6EFC2B00C6F28E /* MadridEventTests */ = {
			isa = PBXNativeTarget;
			buildConfigurationList = 261C14DB1F6EFC2B00C6F28E /* Build configuration list for PBXNativeTarget "MadridEventTests" */;
			buildPhases = (
				261C14CB1F6EFC2B00C6F28E /* Sources */,
				261C14CC1F6EFC2B00C6F28E /* Frameworks */,
				261C14CD1F6EFC2B00C6F28E /* Resources */,
			);
			buildRules = (
			);
			dependencies = (
				261C14D11F6EFC2B00C6F28E /* PBXTargetDependency */,
			);
			name = MadridEventTests;
			productName = MadridEventTests;
			productReference = 261C14CF1F6EFC2B00C6F28E /* MadridEventTests.xctest */;
			productType = "com.apple.product-type.bundle.unit-test";
		};
/* End PBXNativeTarget section */

/* Begin PBXProject section */
		261C14B01F6EFC2B00C6F28E /* Project object */ = {
			isa = PBXProject;
			attributes = {
				LastSwiftUpdateCheck = 0900;
				LastUpgradeCheck = 0900;
				ORGANIZATIONNAME = "Manuel Colmenero Navarro";
				TargetAttributes = {
					261C14B71F6EFC2B00C6F28E = {
						CreatedOnToolsVersion = 9.0;
						ProvisioningStyle = Automatic;
						SystemCapabilities = {
							com.apple.Maps.iOS = {
								enabled = 1;
							};
						};
					};
					261C14CE1F6EFC2B00C6F28E = {
						CreatedOnToolsVersion = 9.0;
						ProvisioningStyle = Automatic;
						TestTargetID = 261C14B71F6EFC2B00C6F28E;
					};
				};
			};
			buildConfigurationList = 261C14B31F6EFC2B00C6F28E /* Build configuration list for PBXProject "MadridEvent" */;
			compatibilityVersion = "Xcode 8.0";
			developmentRegion = en;
			hasScannedForEncodings = 0;
			knownRegions = (
				en,
				Base,
			);
			mainGroup = 261C14AF1F6EFC2B00C6F28E;
			productRefGroup = 261C14B91F6EFC2B00C6F28E /* Products */;
			projectDirPath = "";
			projectRoot = "";
			targets = (
				261C14B71F6EFC2B00C6F28E /* MadridEvent */,
				261C14CE1F6EFC2B00C6F28E /* MadridEventTests */,
			);
		};
/* End PBXProject section */

/* Begin PBXResourcesBuildPhase section */
		261C14B61F6EFC2B00C6F28E /* Resources */ = {
			isa = PBXResourcesBuildPhase;
			buildActionMask = 2147483647;
			files = (
				261C14C91F6EFC2B00C6F28E /* LaunchScreen.storyboard in Resources */,
				261C14C61F6EFC2B00C6F28E /* Assets.xcassets in Resources */,
				261C14C11F6EFC2B00C6F28E /* Main.storyboard in Resources */,
			);
			runOnlyForDeploymentPostprocessing = 0;
		};
		261C14CD1F6EFC2B00C6F28E /* Resources */ = {
			isa = PBXResourcesBuildPhase;
			buildActionMask = 2147483647;
			files = (
			);
			runOnlyForDeploymentPostprocessing = 0;
		};
/* End PBXResourcesBuildPhase section */

/* Begin PBXSourcesBuildPhase section */
		261C14B41F6EFC2B00C6F28E /* Sources */ = {
			isa = PBXSourcesBuildPhase;
			buildActionMask = 2147483647;
			files = (
				26C70B031F782E7D005A601E /* ShopDetailViewController.swift in Sources */,
				26C70B011F782E6C005A601E /* ActivityDetailViewController.swift in Sources */,
				26CDD2141F77FCAC00A88190 /* Activity.swift in Sources */,
				26CDD22B1F78044500A88190 /* DownloadAllActivitiesInteractor.swift in Sources */,
				261C14C41F6EFC2B00C6F28E /* MadridEvent.xcdatamodeld in Sources */,
				26C70B0B1F783565005A601E /* ActivityFetchedResultsController.swift in Sources */,
				26CDD2301F78054300A88190 /* SaveAllShopsInteractor.swift in Sources */,
				26CDD2391F78067C00A88190 /* MapShops.swift in Sources */,
				26CDD21A1F78009100A88190 /* JSONParser.swift in Sources */,
				26C70AF91F7811F1005A601E /* String+Image.swift in Sources */,
				26CDD2201F78039900A88190 /* ExecuteOnceInteractorImpl.swift in Sources */,
				26CDD2321F78055F00A88190 /* SaveAllActivitiesInteractor.swift in Sources */,
				26C70B071F7834E6005A601E /* ShopFetchedResultsController.swift in Sources */,
				26CDD2291F78041F00A88190 /* DownloadAllShopsInteractor.swift in Sources */,
				26C70AFB1F781224005A601E /* ActivityCollectionViewCell.swift in Sources */,
				26C70AF71F7810F2005A601E /* ShopCollectionViewCell.swift in Sources */,
				26CDD21C1F78023D00A88190 /* SetExecutedOnceInteractor.swift in Sources */,
				26CDD2361F7805B300A88190 /* SaveAllActivitiesInteractorImpl.swift in Sources */,
				26CDD2121F77FCA100A88190 /* Shops.swift in Sources */,
				26CDD2341F7805A400A88190 /* SaveAllShopsInteractorImpl.swift in Sources */,
				26CDD2271F7803FD00A88190 /* DownloadAllShopsInteractorNSURLSessionImpl.swift in Sources */,
				26C70AF31F780D2E005A601E /* MainViewController.swift in Sources */,
				261C14BE1F6EFC2B00C6F28E /* ShopsListViewController.swift in Sources */,
				261C14BC1F6EFC2B00C6F28E /* AppDelegate.swift in Sources */,
				26CDD2101F77FC9600A88190 /* Shop.swift in Sources */,
				26C70B051F782ED2005A601E /* ShopListVC+CollectionVC.swift in Sources */,
				26CDD2181F78002B00A88190 /* Typealias.swift in Sources */,
				26CDD22D1F78048B00A88190 /* DownloadAllActivitiesInteractorNSURLSessionImpl.swift in Sources */,
				26C70AF11F780CA9005A601E /* CoreDataStack.swift in Sources */,
				26CDD2221F7803A300A88190 /* ExecuteOnceInteractor.swift in Sources */,
				26CDD23B1F78068500A88190 /* MapActivities.swift in Sources */,
				26C70AF51F780F3C005A601E /* ActivitiesListViewController.swift in Sources */,
				26CDD21E1F78024B00A88190 /* SetExecutedOnceInteractorImpl.swift in Sources */,
				26CDD2161F77FCB600A88190 /* Activities.swift in Sources */,
			);
			runOnlyForDeploymentPostprocessing = 0;
		};
		261C14CB1F6EFC2B00C6F28E /* Sources */ = {
			isa = PBXSourcesBuildPhase;
			buildActionMask = 2147483647;
			files = (
				261C14D41F6EFC2B00C6F28E /* MadridEventTests.swift in Sources */,
			);
			runOnlyForDeploymentPostprocessing = 0;
		};
/* End PBXSourcesBuildPhase section */

/* Begin PBXTargetDependency section */
		261C14D11F6EFC2B00C6F28E /* PBXTargetDependency */ = {
			isa = PBXTargetDependency;
			target = 261C14B71F6EFC2B00C6F28E /* MadridEvent */;
			targetProxy = 261C14D01F6EFC2B00C6F28E /* PBXContainerItemProxy */;
		};
/* End PBXTargetDependency section */

/* Begin PBXVariantGroup section */
		261C14BF1F6EFC2B00C6F28E /* Main.storyboard */ = {
			isa = PBXVariantGroup;
			children = (
				261C14C01F6EFC2B00C6F28E /* Base */,
			);
			name = Main.storyboard;
			sourceTree = "<group>";
		};
		261C14C71F6EFC2B00C6F28E /* LaunchScreen.storyboard */ = {
			isa = PBXVariantGroup;
			children = (
				261C14C81F6EFC2B00C6F28E /* Base */,
			);
			name = LaunchScreen.storyboard;
			sourceTree = "<group>";
		};
/* End PBXVariantGroup section */

/* Begin XCBuildConfiguration section */
		261C14D61F6EFC2B00C6F28E /* Debug */ = {
			isa = XCBuildConfiguration;
			buildSettings = {
				ALWAYS_SEARCH_USER_PATHS = NO;
				CLANG_ANALYZER_NONNULL = YES;
				CLANG_ANALYZER_NUMBER_OBJECT_CONVERSION = YES_AGGRESSIVE;
				CLANG_CXX_LANGUAGE_STANDARD = "gnu++14";
				CLANG_CXX_LIBRARY = "libc++";
				CLANG_ENABLE_MODULES = YES;
				CLANG_ENABLE_OBJC_ARC = YES;
				CLANG_WARN_BLOCK_CAPTURE_AUTORELEASING = YES;
				CLANG_WARN_BOOL_CONVERSION = YES;
				CLANG_WARN_COMMA = YES;
				CLANG_WARN_CONSTANT_CONVERSION = YES;
				CLANG_WARN_DIRECT_OBJC_ISA_USAGE = YES_ERROR;
				CLANG_WARN_DOCUMENTATION_COMMENTS = YES;
				CLANG_WARN_EMPTY_BODY = YES;
				CLANG_WARN_ENUM_CONVERSION = YES;
				CLANG_WARN_INFINITE_RECURSION = YES;
				CLANG_WARN_INT_CONVERSION = YES;
				CLANG_WARN_NON_LITERAL_NULL_CONVERSION = YES;
				CLANG_WARN_OBJC_LITERAL_CONVERSION = YES;
				CLANG_WARN_OBJC_ROOT_CLASS = YES_ERROR;
				CLANG_WARN_RANGE_LOOP_ANALYSIS = YES;
				CLANG_WARN_STRICT_PROTOTYPES = YES;
				CLANG_WARN_SUSPICIOUS_MOVE = YES;
				CLANG_WARN_UNGUARDED_AVAILABILITY = YES_AGGRESSIVE;
				CLANG_WARN_UNREACHABLE_CODE = YES;
				CLANG_WARN__DUPLICATE_METHOD_MATCH = YES;
				CODE_SIGN_IDENTITY = "iPhone Developer";
				COPY_PHASE_STRIP = NO;
				DEBUG_INFORMATION_FORMAT = dwarf;
				ENABLE_STRICT_OBJC_MSGSEND = YES;
				ENABLE_TESTABILITY = YES;
				GCC_C_LANGUAGE_STANDARD = gnu11;
				GCC_DYNAMIC_NO_PIC = NO;
				GCC_NO_COMMON_BLOCKS = YES;
				GCC_OPTIMIZATION_LEVEL = 0;
				GCC_PREPROCESSOR_DEFINITIONS = (
					"DEBUG=1",
					"$(inherited)",
				);
				GCC_WARN_64_TO_32_BIT_CONVERSION = YES;
				GCC_WARN_ABOUT_RETURN_TYPE = YES_ERROR;
				GCC_WARN_UNDECLARED_SELECTOR = YES;
				GCC_WARN_UNINITIALIZED_AUTOS = YES_AGGRESSIVE;
				GCC_WARN_UNUSED_FUNCTION = YES;
				GCC_WARN_UNUSED_VARIABLE = YES;
				IPHONEOS_DEPLOYMENT_TARGET = 11.0;
				MTL_ENABLE_DEBUG_INFO = YES;
				ONLY_ACTIVE_ARCH = YES;
				SDKROOT = iphoneos;
				SWIFT_ACTIVE_COMPILATION_CONDITIONS = DEBUG;
				SWIFT_OPTIMIZATION_LEVEL = "-Onone";
			};
			name = Debug;
		};
		261C14D71F6EFC2B00C6F28E /* Release */ = {
			isa = XCBuildConfiguration;
			buildSettings = {
				ALWAYS_SEARCH_USER_PATHS = NO;
				CLANG_ANALYZER_NONNULL = YES;
				CLANG_ANALYZER_NUMBER_OBJECT_CONVERSION = YES_AGGRESSIVE;
				CLANG_CXX_LANGUAGE_STANDARD = "gnu++14";
				CLANG_CXX_LIBRARY = "libc++";
				CLANG_ENABLE_MODULES = YES;
				CLANG_ENABLE_OBJC_ARC = YES;
				CLANG_WARN_BLOCK_CAPTURE_AUTORELEASING = YES;
				CLANG_WARN_BOOL_CONVERSION = YES;
				CLANG_WARN_COMMA = YES;
				CLANG_WARN_CONSTANT_CONVERSION = YES;
				CLANG_WARN_DIRECT_OBJC_ISA_USAGE = YES_ERROR;
				CLANG_WARN_DOCUMENTATION_COMMENTS = YES;
				CLANG_WARN_EMPTY_BODY = YES;
				CLANG_WARN_ENUM_CONVERSION = YES;
				CLANG_WARN_INFINITE_RECURSION = YES;
				CLANG_WARN_INT_CONVERSION = YES;
				CLANG_WARN_NON_LITERAL_NULL_CONVERSION = YES;
				CLANG_WARN_OBJC_LITERAL_CONVERSION = YES;
				CLANG_WARN_OBJC_ROOT_CLASS = YES_ERROR;
				CLANG_WARN_RANGE_LOOP_ANALYSIS = YES;
				CLANG_WARN_STRICT_PROTOTYPES = YES;
				CLANG_WARN_SUSPICIOUS_MOVE = YES;
				CLANG_WARN_UNGUARDED_AVAILABILITY = YES_AGGRESSIVE;
				CLANG_WARN_UNREACHABLE_CODE = YES;
				CLANG_WARN__DUPLICATE_METHOD_MATCH = YES;
				CODE_SIGN_IDENTITY = "iPhone Developer";
				COPY_PHASE_STRIP = NO;
				DEBUG_INFORMATION_FORMAT = "dwarf-with-dsym";
				ENABLE_NS_ASSERTIONS = NO;
				ENABLE_STRICT_OBJC_MSGSEND = YES;
				GCC_C_LANGUAGE_STANDARD = gnu11;
				GCC_NO_COMMON_BLOCKS = YES;
				GCC_WARN_64_TO_32_BIT_CONVERSION = YES;
				GCC_WARN_ABOUT_RETURN_TYPE = YES_ERROR;
				GCC_WARN_UNDECLARED_SELECTOR = YES;
				GCC_WARN_UNINITIALIZED_AUTOS = YES_AGGRESSIVE;
				GCC_WARN_UNUSED_FUNCTION = YES;
				GCC_WARN_UNUSED_VARIABLE = YES;
				IPHONEOS_DEPLOYMENT_TARGET = 11.0;
				MTL_ENABLE_DEBUG_INFO = NO;
				SDKROOT = iphoneos;
				SWIFT_OPTIMIZATION_LEVEL = "-Owholemodule";
				VALIDATE_PRODUCT = YES;
			};
			name = Release;
		};
		261C14D91F6EFC2B00C6F28E /* Debug */ = {
			isa = XCBuildConfiguration;
			buildSettings = {
				ASSETCATALOG_COMPILER_APPICON_NAME = AppIcon;
				CODE_SIGN_STYLE = Automatic;
				DEVELOPMENT_TEAM = B22V7BYS9J;
				INFOPLIST_FILE = MadridEvent/Info.plist;
				LD_RUNPATH_SEARCH_PATHS = "$(inherited) @executable_path/Frameworks";
				PRODUCT_BUNDLE_IDENTIFIER = es.mclasha.MadridEvent;
				PRODUCT_NAME = "$(TARGET_NAME)";
				SWIFT_VERSION = 4.0;
				TARGETED_DEVICE_FAMILY = "1,2";
			};
			name = Debug;
		};
		261C14DA1F6EFC2B00C6F28E /* Release */ = {
			isa = XCBuildConfiguration;
			buildSettings = {
				ASSETCATALOG_COMPILER_APPICON_NAME = AppIcon;
				CODE_SIGN_STYLE = Automatic;
				DEVELOPMENT_TEAM = B22V7BYS9J;
				INFOPLIST_FILE = MadridEvent/Info.plist;
				LD_RUNPATH_SEARCH_PATHS = "$(inherited) @executable_path/Frameworks";
				PRODUCT_BUNDLE_IDENTIFIER = es.mclasha.MadridEvent;
				PRODUCT_NAME = "$(TARGET_NAME)";
				SWIFT_VERSION = 4.0;
				TARGETED_DEVICE_FAMILY = "1,2";
			};
			name = Release;
		};
		261C14DC1F6EFC2B00C6F28E /* Debug */ = {
			isa = XCBuildConfiguration;
			buildSettings = {
				ALWAYS_EMBED_SWIFT_STANDARD_LIBRARIES = YES;
				BUNDLE_LOADER = "$(TEST_HOST)";
				CODE_SIGN_STYLE = Automatic;
				DEVELOPMENT_TEAM = B22V7BYS9J;
				INFOPLIST_FILE = MadridEventTests/Info.plist;
				LD_RUNPATH_SEARCH_PATHS = "$(inherited) @executable_path/Frameworks @loader_path/Frameworks";
				PRODUCT_BUNDLE_IDENTIFIER = es.mclasha.MadridEventTests;
				PRODUCT_NAME = "$(TARGET_NAME)";
				SWIFT_VERSION = 4.0;
				TARGETED_DEVICE_FAMILY = "1,2";
				TEST_HOST = "$(BUILT_PRODUCTS_DIR)/MadridEvent.app/MadridEvent";
			};
			name = Debug;
		};
		261C14DD1F6EFC2B00C6F28E /* Release */ = {
			isa = XCBuildConfiguration;
			buildSettings = {
				ALWAYS_EMBED_SWIFT_STANDARD_LIBRARIES = YES;
				BUNDLE_LOADER = "$(TEST_HOST)";
				CODE_SIGN_STYLE = Automatic;
				DEVELOPMENT_TEAM = B22V7BYS9J;
				INFOPLIST_FILE = MadridEventTests/Info.plist;
				LD_RUNPATH_SEARCH_PATHS = "$(inherited) @executable_path/Frameworks @loader_path/Frameworks";
				PRODUCT_BUNDLE_IDENTIFIER = es.mclasha.MadridEventTests;
				PRODUCT_NAME = "$(TARGET_NAME)";
				SWIFT_VERSION = 4.0;
				TARGETED_DEVICE_FAMILY = "1,2";
				TEST_HOST = "$(BUILT_PRODUCTS_DIR)/MadridEvent.app/MadridEvent";
			};
			name = Release;
		};
/* End XCBuildConfiguration section */

/* Begin XCConfigurationList section */
		261C14B31F6EFC2B00C6F28E /* Build configuration list for PBXProject "MadridEvent" */ = {
			isa = XCConfigurationList;
			buildConfigurations = (
				261C14D61F6EFC2B00C6F28E /* Debug */,
				261C14D71F6EFC2B00C6F28E /* Release */,
			);
			defaultConfigurationIsVisible = 0;
			defaultConfigurationName = Release;
		};
		261C14D81F6EFC2B00C6F28E /* Build configuration list for PBXNativeTarget "MadridEvent" */ = {
			isa = XCConfigurationList;
			buildConfigurations = (
				261C14D91F6EFC2B00C6F28E /* Debug */,
				261C14DA1F6EFC2B00C6F28E /* Release */,
			);
			defaultConfigurationIsVisible = 0;
			defaultConfigurationName = Release;
		};
		261C14DB1F6EFC2B00C6F28E /* Build configuration list for PBXNativeTarget "MadridEventTests" */ = {
			isa = XCConfigurationList;
			buildConfigurations = (
				261C14DC1F6EFC2B00C6F28E /* Debug */,
				261C14DD1F6EFC2B00C6F28E /* Release */,
			);
			defaultConfigurationIsVisible = 0;
			defaultConfigurationName = Release;
		};
/* End XCConfigurationList section */

/* Begin XCVersionGroup section */
		261C14C21F6EFC2B00C6F28E /* MadridEvent.xcdatamodeld */ = {
			isa = XCVersionGroup;
			children = (
				261C14C31F6EFC2B00C6F28E /* MadridEvent.xcdatamodel */,
			);
			currentVersion = 261C14C31F6EFC2B00C6F28E /* MadridEvent.xcdatamodel */;
			path = MadridEvent.xcdatamodeld;
			sourceTree = "<group>";
			versionGroupType = wrapper.xcdatamodel;
		};
/* End XCVersionGroup section */
	};
	rootObject = 261C14B01F6EFC2B00C6F28E /* Project object */;
}
